
Microsoft Visual Studio Solution File, Format Version 11.00
# Visual Studio 2010
Project("{E24C65DC-7377-472B-9ABA-BC803B73C61A}") = "BootstrapBackgroundManagement", ".", "{83DD1CE7-0E53-4BC0-88E0-69B024CB2371}"
	ProjectSection(WebsiteProperties) = preProject
		TargetFrameworkMoniker = ".NETFramework,Version%3Dv2.0"
		Debug.AspNetCompiler.VirtualPath = "/BootstrapBackgroundManagement"
		Debug.AspNetCompiler.PhysicalPath = "G:\GitHub\BootstrapManage\BootstrapBackgroundManagement\"
		Debug.AspNetCompiler.TargetPath = "PrecompiledWeb\BootstrapBackgroundManagement\"
		Debug.AspNetCompiler.Updateable = "true"
		Debug.AspNetCompiler.ForceOverwrite = "true"
		Debug.AspNetCompiler.FixedNames = "false"
		Debug.AspNetCompiler.Debug = "True"
		Release.AspNetCompiler.VirtualPath = "/BootstrapBackgroundManagement"
		Release.AspNetCompiler.PhysicalPath = "G:\GitHub\BootstrapManage\BootstrapBackgroundManagement\"
		Release.AspNetCompiler.TargetPath = "PrecompiledWeb\BootstrapBackgroundManagement\"
		Release.AspNetCompiler.Updateable = "true"
		Release.AspNetCompiler.ForceOverwrite = "true"
		Release.AspNetCompiler.FixedNames = "false"
		Release.AspNetCompiler.Debug = "False"
		VWDPort = "33824"
	EndProjectSection
EndProject
Global
	GlobalSection(SolutionConfigurationPlatforms) = preSolution
		Debug|Any CPU = Debug|Any CPU
	EndGlobalSection
	GlobalSection(ProjectConfigurationPlatforms) = postSolution
		{83DD1CE7-0E53-4BC0-88E0-69B024CB2371}.Debug|Any CPU.ActiveCfg = Debug|Any CPU
		{83DD1CE7-0E53-4BC0-88E0-69B024CB2371}.Debug|Any CPU.Build.0 = Debug|Any CPU
	EndGlobalSection
	GlobalSection(SolutionProperties) = preSolution
		HideSolutionNode = FALSE
	EndGlobalSection
EndGlobal
